PODS:
  - Starscream (3.0.6)
  - ZIPFoundation (0.9.6)

DEPENDENCIES:
  - Starscream (~> 3.0.2)
  - ZIPFoundation (~> 0.9)

SPEC REPOS:
  https://github.com/cocoapods/specs.git:
    - Starscream
    - ZIPFoundation

SPEC CHECKSUMS:
  Starscream: ef3ece99d765eeccb67de105bfa143f929026cf5
  ZIPFoundation: 68c35eb2637c21abe56dc60b3277636443bc1501

PODFILE CHECKSUM: ab8e2a8a70ee420303b12c1bdb88518ec275ae7c

COCOAPODS: 1.5.3
